DEPENDENCIES
  alfresco
    path: .
    metadata: true
  file
    git: https://github.com/jenssegers/chef-file.git
    revision: 050c5554efcc024d9a058908280bfb05037f9848
    tag: v1.0.0
  maven
    git: https://github.com/maoo/maven.git
    revision: 3a652591f06335412a0c00ae5148447e1236ac35
    tag: v1.2.0-fork
  tomcat
    git: https://github.com/maoo/tomcat.git
    revision: 7556920f5ce447c48393443344c13ebd2954df0e
    tag: v0.17.3-fork6

GRAPH
  7-zip (1.0.2)
    windows (>= 1.2.2)
  activemq (2.0.2)
    java (~> 1.13)
  alfresco (0.6.7)
    activemq (>= 1.3.3)
    artifact-deployer (>= 0.8.15)
    build-essential (>= 2.2.3)
    database (>= 4.0.6)
    ffmpeg (>= 0.4.4)
    file (>= 0.0.0)
    haproxy (>= 1.6.6)
    imagemagick (>= 0.2.3)
    java (>= 1.31.0)
    libreoffice (>= 0.0.2)
    logstash-forwarder (>= 0.1.1)
    maven (>= 0.0.0)
    mysql (>= 6.0.21)
    mysql2_chef_gem (>= 1.0.1)
    nginx (>= 2.7.6)
    openssl (>= 4.0.0)
    postgresql (>= 3.4.18)
    rsyslog (>= 1.15.0)
    swftools (>= 0.2.4)
    tomcat (>= 0.0.0)
    yum-atrpms (>= 0.1.0)
    yum-epel (>= 0.0.0)
    yum-repoforge (>= 0.5.1)
  apt (2.8.2)
  ark (0.9.0)
    7-zip (>= 0.0.0)
    windows (>= 0.0.0)
  artifact-deployer (0.8.16)
    apt (>= 2.3.10)
    ark (>= 0.9.0)
    file (>= 0.0.0)
    java (>= 1.31.0)
    maven (~> 1.2.0)
    python (>= 1.4.6)
    resolver (>= 1.2.0)
  bluepill (2.4.0)
    rsyslog (>= 0.0.0)
  build-essential (2.2.4)
  chef-sugar (3.1.1)
  chef_handler (1.2.0)
  cpu (0.2.0)
  database (4.0.9)
    postgresql (>= 1.0.0)
  dmg (2.3.0)
  ffmpeg (0.4.4)
    build-essential (>= 0.0.0)
    git (>= 0.0.0)
    libvpx (>= 0.0.0)
    x264 (>= 0.0.0)
    yasm (>= 0.0.0)
  file (2.0.0)
  git (4.3.4)
    build-essential (>= 0.0.0)
    dmg (>= 0.0.0)
    windows (>= 0.0.0)
    yum-epel (>= 0.0.0)
  haproxy (1.6.6)
    build-essential (>= 0.0.0)
    cpu (>= 0.2.0)
  imagemagick (0.2.3)
  java (1.35.0)
  libreoffice (0.0.2)
    apt (>= 0.0.0)
  libvpx (1.2.2)
    build-essential (>= 0.0.0)
    git (>= 0.0.0)
    yasm (>= 0.0.0)
  logstash-forwarder (0.2.4)
    apt (>= 0.0.0)
    yum (>= 0.0.0)
  mariadb (0.3.1)
    apt (>= 0.0.0)
    yum (>= 0.0.0)
    yum-epel (>= 0.0.0)
  maven (1.2.0)
    ark (~> 0.4)
    java (~> 1.13)
  mysql (6.1.2)
    smf (>= 0.0.0)
    yum-mysql-community (>= 0.0.0)
  mysql2_chef_gem (1.0.2)
    build-essential (>= 0.0.0)
    mariadb (>= 0.0.0)
    mysql (~> 6.0)
  nginx (2.7.6)
    apt (~> 2.2)
    bluepill (~> 2.3)
    build-essential (~> 2.0)
    ohai (~> 2.0)
    runit (~> 1.2)
    yum-epel (~> 0.3)
  ohai (2.0.3)
  openssl (4.0.0)
    chef-sugar (>= 0.0.0)
  packagecloud (0.1.0)
  postgresql (3.4.20)
    apt (>= 1.9.0)
    build-essential (>= 0.0.0)
    openssl (~> 4.0.0)
  python (1.4.6)
    build-essential (>= 0.0.0)
    yum-epel (>= 0.0.0)
  rbac (1.0.3)
  resolver (1.3.0)
  rsyslog (2.2.0)
  runit (1.7.4)
    packagecloud (>= 0.0.0)
  smf (2.2.7)
    rbac (>= 1.0.1)
  swftools (0.2.4)
    apt (>= 0.0.0)
  tomcat (0.17.3)
    java (>= 0.0.0)
    openssl (>= 0.0.0)
    yum-epel (>= 0.0.0)
  windows (1.38.2)
    chef_handler (>= 0.0.0)
  x264 (0.6.0)
    build-essential (>= 0.0.0)
    git (>= 0.0.0)
    yasm (>= 0.0.0)
  yasm (1.0.3)
    build-essential (>= 0.0.0)
    git (>= 0.0.0)
  yum (3.8.1)
  yum-atrpms (0.1.1)
    yum (~> 3.2)
  yum-epel (0.6.3)
    yum (~> 3.2)
  yum-mysql-community (0.1.18)
    yum (>= 3.0)
  yum-repoforge (0.5.4)
    yum (~> 3.2)
    yum-epel (>= 0.0.0)
