DEPENDENCIES
  alfresco
    path: .
    metadata: true
  file
    git: git://github.com/jenssegers/chef-filehelper.git
    revision: 050c5554efcc024d9a058908280bfb05037f9848
    tag: v1.0.0
  maven
    git: git@github.com:maoo/maven.git
    revision: 3a652591f06335412a0c00ae5148447e1236ac35
  tomcat
    git: git@github.com:maoo/tomcat.git
    revision: 24b60666b899a24c8f83f7c13a1e41ca00b92b56

GRAPH
  7-zip (1.0.2)
    windows (>= 1.2.2)
  alfresco (0.4.2)
    apache2 (>= 0.0.0)
    artifact-deployer (= 0.8.6)
    build-essential (>= 0.0.0)
    database (>= 0.0.0)
    file (>= 0.0.0)
    imagemagick (>= 0.0.0)
    iptables (>= 0.0.0)
    java (>= 0.0.0)
    mysql (>= 0.0.0)
    mysql2_chef_gem (>= 0.0.0)
    openoffice (>= 0.0.0)
    swftools (>= 0.0.0)
    tomcat (>= 0.0.0)
    yum-epel (>= 0.0.0)
  apache2 (3.0.1)
    iptables (>= 0.0.0)
    logrotate (>= 0.0.0)
  apt (2.7.0)
  ark (0.9.0)
    7-zip (>= 0.0.0)
    windows (>= 0.0.0)
  artifact-deployer (0.8.6)
    file (>= 0.0.0)
    maven (>= 0.0.0)
    python (>= 0.0.0)
  build-essential (2.2.1)
  chef-sugar (3.0.1)
  chef_handler (1.1.6)
  database (4.0.3)
    postgresql (>= 1.0.0)
  file (2.0.0)
  imagemagick (0.2.3)
  iptables (0.14.1)
  java (1.31.0)
  logrotate (1.9.1)
  mariadb (0.3.0)
    apt (>= 0.0.0)
    yum (>= 0.0.0)
    yum-epel (>= 0.0.0)
  maven (1.2.0)
    ark (~> 0.4)
    java (~> 1.13)
  mysql (6.0.19)
    smf (>= 0.0.0)
    yum-mysql-community (>= 0.0.0)
  mysql2_chef_gem (1.0.1)
    build-essential (>= 0.0.0)
    mariadb (>= 0.0.0)
    mysql (>= 0.0.0)
  openoffice (0.2.2)
    java (>= 0.0.0)
  openssl (4.0.0)
    chef-sugar (>= 0.0.0)
  postgresql (3.4.18)
    apt (>= 1.9.0)
    build-essential (>= 0.0.0)
    openssl (~> 4.0.0)
  python (1.4.6)
    build-essential (>= 0.0.0)
    yum-epel (>= 0.0.0)
  rbac (1.0.2)
  smf (2.2.6)
    rbac (>= 1.0.1)
  swftools (0.2.4)
    apt (>= 0.0.0)
  tomcat (0.17.3)
    java (>= 0.0.0)
    openssl (>= 0.0.0)
    yum-epel (>= 0.0.0)
  windows (1.36.6)
    chef_handler (>= 0.0.0)
  yum (3.5.3)
  yum-epel (0.6.0)
    yum (~> 3.0)
  yum-mysql-community (0.1.16)
    yum (>= 3.0)
